
Microsoft Visual Studio Solution File, Format Version 12.00
# Visual Studio 15
VisualStudioVersion = 15.0.28307.779
MinimumVisualStudioVersion = 10.0.40219.1
Project("{8BC9CEB8-8B4A-11D0-8D11-00A0C91BC942}") = "Project1.3", "Project1.3\Project1.3.vcxproj", "{C015C67E-A3CA-4E0A-B9F4-B5E40A3B7A77}"
EndProject
Global
	GlobalSection(SolutionConfigurationPlatforms) = preSolution
		Debug|x64 = Debug|x64
		Debug|x86 = Debug|x86
		Release|x64 = Release|x64
		Release|x86 = Release|x86
	EndGlobalSection
	GlobalSection(ProjectConfigurationPlatforms) = postSolution
		{C015C67E-A3CA-4E0A-B9F4-B5E40A3B7A77}.Debug|x64.ActiveCfg = Debug|x64
		{C015C67E-A3CA-4E0A-B9F4-B5E40A3B7A77}.Debug|x64.Build.0 = Debug|x64
		{C015C67E-A3CA-4E0A-B9F4-B5E40A3B7A77}.Debug|x86.ActiveCfg = Debug|Win32
		{C015C67E-A3CA-4E0A-B9F4-B5E40A3B7A77}.Debug|x86.Build.0 = Debug|Win32
		{C015C67E-A3CA-4E0A-B9F4-B5E40A3B7A77}.Release|x64.ActiveCfg = Release|x64
		{C015C67E-A3CA-4E0A-B9F4-B5E40A3B7A77}.Release|x64.Build.0 = Release|x64
		{C015C67E-A3CA-4E0A-B9F4-B5E40A3B7A77}.Release|x86.ActiveCfg = Release|Win32
		{C015C67E-A3CA-4E0A-B9F4-B5E40A3B7A77}.Release|x86.Build.0 = Release|Win32
	EndGlobalSection
	GlobalSection(SolutionProperties) = preSolution
		HideSolutionNode = FALSE
	EndGlobalSection
	GlobalSection(ExtensibilityGlobals) = postSolution
		SolutionGuid = {25AA1DD4-073E-44D7-A5DC-BC62E17B6169}
	EndGlobalSection
EndGlobal
